
Microsoft Visual Studio Solution File, Format Version 12.00
# Visual Studio Version 17
VisualStudioVersion = 17.9.34902.65
MinimumVisualStudioVersion = 10.0.40219.1
Project("{9A19103F-16F7-4668-BE54-9A1E7A4F7556}") = "Blog", "Blog\Blog.csproj", "{A5F03F3B-CCFA-44A6-868B-4ECDAF776B45}"
EndProject
Project("{9A19103F-16F7-4668-BE54-9A1E7A4F7556}") = "Blog.DataAccess", "Blog.DataAccess\Blog.DataAccess.csproj", "{D154C2CD-5408-4036-9B0E-0DAEC1D6EC5B}"
EndProject
Project("{9A19103F-16F7-4668-BE54-9A1E7A4F7556}") = "Blog.Models", "Blog.Models\Blog.Models.csproj", "{10D835F8-F932-40A3-9961-14B30E456DB8}"
EndProject
Project("{9A19103F-16F7-4668-BE54-9A1E7A4F7556}") = "Blog.Utility", "Blog.Utility\Blog.Utility.csproj", "{422BCC58-2580-4538-86EA-6F64F2390296}"
EndProject
Global
	GlobalSection(SolutionConfigurationPlatforms) = preSolution
		Debug|Any CPU = Debug|Any CPU
		Release|Any CPU = Release|Any CPU
	EndGlobalSection
	GlobalSection(ProjectConfigurationPlatforms) = postSolution
		{A5F03F3B-CCFA-44A6-868B-4ECDAF776B45}.Debug|Any CPU.ActiveCfg = Debug|Any CPU
		{A5F03F3B-CCFA-44A6-868B-4ECDAF776B45}.Debug|Any CPU.Build.0 = Debug|Any CPU
		{A5F03F3B-CCFA-44A6-868B-4ECDAF776B45}.Release|Any CPU.ActiveCfg = Release|Any CPU
		{A5F03F3B-CCFA-44A6-868B-4ECDAF776B45}.Release|Any CPU.Build.0 = Release|Any CPU
		{D154C2CD-5408-4036-9B0E-0DAEC1D6EC5B}.Debug|Any CPU.ActiveCfg = Debug|Any CPU
		{D154C2CD-5408-4036-9B0E-0DAEC1D6EC5B}.Debug|Any CPU.Build.0 = Debug|Any CPU
		{D154C2CD-5408-4036-9B0E-0DAEC1D6EC5B}.Release|Any CPU.ActiveCfg = Release|Any CPU
		{D154C2CD-5408-4036-9B0E-0DAEC1D6EC5B}.Release|Any CPU.Build.0 = Release|Any CPU
		{10D835F8-F932-40A3-9961-14B30E456DB8}.Debug|Any CPU.ActiveCfg = Debug|Any CPU
		{10D835F8-F932-40A3-9961-14B30E456DB8}.Debug|Any CPU.Build.0 = Debug|Any CPU
		{10D835F8-F932-40A3-9961-14B30E456DB8}.Release|Any CPU.ActiveCfg = Release|Any CPU
		{10D835F8-F932-40A3-9961-14B30E456DB8}.Release|Any CPU.Build.0 = Release|Any CPU
		{422BCC58-2580-4538-86EA-6F64F2390296}.Debug|Any CPU.ActiveCfg = Debug|Any CPU
		{422BCC58-2580-4538-86EA-6F64F2390296}.Debug|Any CPU.Build.0 = Debug|Any CPU
		{422BCC58-2580-4538-86EA-6F64F2390296}.Release|Any CPU.ActiveCfg = Release|Any CPU
		{422BCC58-2580-4538-86EA-6F64F2390296}.Release|Any CPU.Build.0 = Release|Any CPU
	EndGlobalSection
	GlobalSection(SolutionProperties) = preSolution
		HideSolutionNode = FALSE
	EndGlobalSection
	GlobalSection(ExtensibilityGlobals) = postSolution
		SolutionGuid = {A3A58987-4189-4C18-B01F-52C9CA4D1979}
	EndGlobalSection
EndGlobal
